# @generated by Move, please check-in and do not edit manually.

[move]
version = 3
manifest_digest = "CB880EF45243BA215D6085C06C984CF61707000F34D646B751C1A0AC675A0B06"
deps_digest = "CAFAD8A7CF51067FB4358215BECB86BD100DD64E57C2AC8A7AE7D74B688F5965"
dependencies = [
  { id = "DeepBook", name = "DeepBook" },
  { id = "MoveStdlib", name = "MoveStdlib" },
  { id = "Prover", name = "Prover" },
  { id = "Sui", name = "Sui" },
  { id = "SuiProver", name = "SuiProver" },
  { id = "SuiSystem", name = "SuiSystem" },
  { id = "paperproof_governance", name = "paperproof_governance" },
]

[[move.package]]
id = "DeepBook"
source = { local = "../.paperproof-formal/local-framework/deepbook" }

dependencies = [
  { id = "MoveStdlib", name = "MoveStdlib" },
  { id = "Sui", name = "Sui" },
]

[[move.package]]
id = "MoveStdlib"
source = { local = "../.paperproof-formal/local-framework/move-stdlib" }

[[move.package]]
id = "Prover"
source = { local = "vendor/prover" }

dependencies = [
  { id = "MoveStdlib", name = "MoveStdlib" },
  { id = "Sui", name = "Sui" },
]

[[move.package]]
id = "Sui"
source = { local = "../.paperproof-formal/local-framework/sui-framework" }

dependencies = [
  { id = "MoveStdlib", name = "MoveStdlib" },
]

[[move.package]]
id = "SuiProver"
source = { local = "../.paperproof-formal/local-framework/sui-prover" }

dependencies = [
  { id = "SuiSpecs", name = "SuiSpecs" },
]

[[move.package]]
id = "SuiSpecs"
source = { local = "../.paperproof-formal/local-framework/sui-specs" }

dependencies = [
  { id = "Prover", name = "Prover" },
  { id = "Sui", name = "Sui" },
]

[[move.package]]
id = "SuiSystem"
source = { local = "../.paperproof-formal/local-framework/sui-system" }

dependencies = [
  { id = "MoveStdlib", name = "MoveStdlib" },
  { id = "Sui", name = "Sui" },
]

[[move.package]]
id = "openzeppelin_access"
source = { local = "../../../sui-depends/contracts-sui/contracts/access" }

dependencies = [
  { id = "DeepBook", name = "DeepBook" },
  { id = "MoveStdlib", name = "MoveStdlib" },
  { id = "Sui", name = "Sui" },
  { id = "SuiProver", name = "SuiProver" },
  { id = "SuiSystem", name = "SuiSystem" },
]

[[move.package]]
id = "paperproof_governance"
source = { local = "../governance" }

dependencies = [
  { id = "DeepBook", name = "DeepBook" },
  { id = "MoveStdlib", name = "MoveStdlib" },
  { id = "Sui", name = "Sui" },
  { id = "SuiProver", name = "SuiProver" },
  { id = "SuiSystem", name = "SuiSystem" },
  { id = "openzeppelin_access", name = "openzeppelin_access" },
  { id = "pprf", name = "pprf" },
]

[[move.package]]
id = "pprf"
source = { local = "../../../sui-depends/PPRF-token-contracts" }

dependencies = [
  { id = "DeepBook", name = "DeepBook" },
  { id = "MoveStdlib", name = "MoveStdlib" },
  { id = "Sui", name = "Sui" },
  { id = "SuiProver", name = "SuiProver" },
  { id = "SuiSystem", name = "SuiSystem" },
]
