# Generated by move; do not edit
# This file should be checked in.

[move]
version = 4

[pinned.mainnet.MoveStdlib]
source = { git = "https://github.com/MystenLabs/sui.git", subdir = 'crates\sui-framework\packages\move-stdlib', rev = "c2428b3aaf9c24270b609001e56d96cb10c76d28" }
use_environment = "mainnet"
manifest_digest = "C4FE4C91DE74CBF223B2E380AE40F592177D21870DC2D7EB6227D2D694E05363"
deps = {}

[pinned.mainnet.Sui]
source = { git = "https://github.com/MystenLabs/sui.git", subdir = 'crates\sui-framework\packages\sui-framework', rev = "c2428b3aaf9c24270b609001e56d96cb10c76d28" }
use_environment = "mainnet"
manifest_digest = "CD547CB1ACCE0880C835DAED2D8FFCB91D56C833AE5240D3AA5B918398263195"
deps = { MoveStdlib = "MoveStdlib" }

[pinned.mainnet.openzeppelin_access]
source = { git = "https://github.com/OpenZeppelin/contracts-sui.git", subdir = 'contracts\access', rev = "0a996c95e2a7de700e61a434186709cd04f101f3" }
use_environment = "mainnet"
manifest_digest = "E41BBD67BE8940D26C79D78B028477EF5B33BA217A1282C78ACB344CF8A5ECF6"
deps = { std = "MoveStdlib", sui = "Sui" }

[pinned.mainnet.paperproof_comments]
source = { local = '..\comments' }
use_environment = "mainnet"
manifest_digest = "6CF27859D00505BE194A488EEFE2E0399C6616A34148E8A9B25C0DBB1DB8B066"
deps = { paperproof_governance = "paperproof_governance", pprf = "pprf", std = "MoveStdlib", sui = "Sui" }

[pinned.mainnet.paperproof_governance]
source = { local = '..\governance' }
use_environment = "mainnet"
manifest_digest = "8B3356CF678CA9DEC6611E1911DDDEA869A15EB2802286F9EC1030C3EE910C88"
deps = { openzeppelin_access = "openzeppelin_access", pprf = "pprf", std = "MoveStdlib", sui = "Sui" }

[pinned.mainnet.paperproof_publishing]
source = { root = true }
use_environment = "mainnet"
manifest_digest = "D8182F4EAE30591536FC6F30C9F43ECBF11B55B2D64B9FEE38FDB2A891D15203"
deps = { paperproof_comments = "paperproof_comments", paperproof_governance = "paperproof_governance", std = "MoveStdlib", sui = "Sui" }

[pinned.mainnet.pprf]
source = { local = '..\..\PPRF-token-contracts' }
use_environment = "mainnet"
manifest_digest = "E41BBD67BE8940D26C79D78B028477EF5B33BA217A1282C78ACB344CF8A5ECF6"
deps = { std = "MoveStdlib", sui = "Sui" }
